// !$*UTF8*$!
{
	archiveVersion = 1;
	classes = {
	};
	objectVersion = 50;
	objects = {

/* Begin PBXBuildFile section */
		456E75992075A63B002073E4 /* AppDelegate.swift in Sources */ = {isa = PBXBuildFile; fileRef = 456E75982075A63B002073E4 /* AppDelegate.swift */; };
		456E759B2075A63B002073E4 /* art.scnassets in Resources */ = {isa = PBXBuildFile; fileRef = 456E759A2075A63B002073E4 /* art.scnassets */; };
		456E759D2075A63B002073E4 /* ViewController.swift in Sources */ = {isa = PBXBuildFile; fileRef = 456E759C2075A63B002073E4 /* ViewController.swift */; };
		456E75A02075A63B002073E4 /* Main.storyboard in Resources */ = {isa = PBXBuildFile; fileRef = 456E759E2075A63B002073E4 /* Main.storyboard */; };
		456E75A22075A63D002073E4 /* Assets.xcassets in Resources */ = {isa = PBXBuildFile; fileRef = 456E75A12075A63D002073E4 /* Assets.xcassets */; };
		456E75A52075A63D002073E4 /* LaunchScreen.storyboard in Resources */ = {isa = PBXBuildFile; fileRef = 456E75A32075A63D002073E4 /* LaunchScreen.storyboard */; };
		456E75B02075A63E002073E4 /* RubenARIntroUITests.swift in Sources */ = {isa = PBXBuildFile; fileRef = 456E75AF2075A63E002073E4 /* RubenARIntroUITests.swift */; };
/* End PBXBuildFile section */

/* Begin PBXContainerItemProxy section */
		456E75AC2075A63E002073E4 /* PBXContainerItemProxy */ = {
			isa = PBXContainerItemProxy;
			containerPortal = 456E758D2075A63B002073E4 /* Project object */;
			proxyType = 1;
			remoteGlobalIDString = 456E75942075A63B002073E4;
			remoteInfo = RubenARIntro;
		};
/* End PBXContainerItemProxy section */

/* Begin PBXFileReference section */
		456E75952075A63B002073E4 /* RubenARIntro.app */ = {isa = PBXFileReference; explicitFileType = wrapper.application; includeInIndex = 0; path = RubenARIntro.app; sourceTree = BUILT_PRODUCTS_DIR; };
		456E75982075A63B002073E4 /* AppDelegate.swift */ = {isa = PBXFileReference; lastKnownFileType = sourcecode.swift; path = AppDelegate.swift; sourceTree = "<group>"; };
		456E759A2075A63B002073E4 /* art.scnassets */ = {isa = PBXFileReference; lastKnownFileType = wrapper.scnassets; path = art.scnassets; sourceTree = "<group>"; };
		456E759C2075A63B002073E4 /* ViewController.swift */ = {isa = PBXFileReference; lastKnownFileType = sourcecode.swift; path = ViewController.swift; sourceTree = "<group>"; };
		456E759F2075A63B002073E4 /* Base */ = {isa = PBXFileReference; lastKnownFileType = file.storyboard; name = Base; path = Base.lproj/Main.storyboard; sourceTree = "<group>"; };
		456E75A12075A63D002073E4 /* Assets.xcassets */ = {isa = PBXFileReference; lastKnownFileType = folder.assetcatalog; path = Assets.xcassets; sourceTree = "<group>"; };
		456E75A42075A63D002073E4 /* Base */ = {isa = PBXFileReference; lastKnownFileType = file.storyboard; name = Base; path = Base.lproj/LaunchScreen.storyboard; sourceTree = "<group>"; };
		456E75A62075A63D002073E4 /* Info.plist */ = {isa = PBXFileReference; lastKnownFileType = text.plist.xml; path = Info.plist; sourceTree = "<group>"; };
		456E75AB2075A63E002073E4 /* RubenARIntroUITests.xctest */ = {isa = PBXFileReference; explicitFileType = wrapper.cfbundle; includeInIndex = 0; path = RubenARIntroUITests.xctest; sourceTree = BUILT_PRODUCTS_DIR; };
		456E75AF2075A63E002073E4 /* RubenARIntroUITests.swift */ = {isa = PBXFileReference; lastKnownFileType = sourcecode.swift; path = RubenARIntroUITests.swift; sourceTree = "<group>"; };
		456E75B12075A63E002073E4 /* Info.plist */ = {isa = PBXFileReference; lastKnownFileType = text.plist.xml; path = Info.plist; sourceTree = "<group>"; };
/* End PBXFileReference section */

/* Begin PBXFrameworksBuildPhase section */
		456E75922075A63B002073E4 /* Frameworks */ = {
			isa = PBXFrameworksBuildPhase;
			buildActionMask = 2147483647;
			files = (
			);
			runOnlyForDeploymentPostprocessing = 0;
		};
		456E75A82075A63E002073E4 /* Frameworks */ = {
			isa = PBXFrameworksBuildPhase;
			buildActionMask = 2147483647;
			files = (
			);
			runOnlyForDeploymentPostprocessing = 0;
		};
/* End PBXFrameworksBuildPhase section */

/* Begin PBXGroup section */
		456E758C2075A63B002073E4 = {
			isa = PBXGroup;
			children = (
				456E75972075A63B002073E4 /* RubenARIntro */,
				456E75AE2075A63E002073E4 /* RubenARIntroUITests */,
				456E75962075A63B002073E4 /* Products */,
			);
			sourceTree = "<group>";
		};
		456E75962075A63B002073E4 /* Products */ = {
			isa = PBXGroup;
			children = (
				456E75952075A63B002073E4 /* RubenARIntro.app */,
				456E75AB2075A63E002073E4 /* RubenARIntroUITests.xctest */,
			);
			name = Products;
			sourceTree = "<group>";
		};
		456E75972075A63B002073E4 /* RubenARIntro */ = {
			isa = PBXGroup;
			children = (
				456E75982075A63B002073E4 /* AppDelegate.swift */,
				456E759A2075A63B002073E4 /* art.scnassets */,
				456E759C2075A63B002073E4 /* ViewController.swift */,
				456E759E2075A63B002073E4 /* Main.storyboard */,
				456E75A12075A63D002073E4 /* Assets.xcassets */,
				456E75A32075A63D002073E4 /* LaunchScreen.storyboard */,
				456E75A62075A63D002073E4 /* Info.plist */,
			);
			path = RubenARIntro;
			sourceTree = "<group>";
		};
		456E75AE2075A63E002073E4 /* RubenARIntroUITests */ = {
			isa = PBXGroup;
			children = (
				456E75AF2075A63E002073E4 /* RubenARIntroUITests.swift */,
				456E75B12075A63E002073E4 /* Info.plist */,
			);
			path = RubenARIntroUITests;
			sourceTree = "<group>";
		};
/* End PBXGroup section */

/* Begin PBXNativeTarget section */
		456E75942075A63B002073E4 /* RubenARIntro */ = {
			isa = PBXNativeTarget;
			buildConfigurationList = 456E75B42075A63E002073E4 /* Build configuration list for PBXNativeTarget "RubenARIntro" */;
			buildPhases = (
				456E75912075A63B002073E4 /* Sources */,
				456E75922075A63B002073E4 /* Frameworks */,
				456E75932075A63B002073E4 /* Resources */,
			);
			buildRules = (
			);
			dependencies = (
			);
			name = RubenARIntro;
			productName = RubenARIntro;
			productReference = 456E75952075A63B002073E4 /* RubenARIntro.app */;
			productType = "com.apple.product-type.application";
		};
		456E75AA2075A63E002073E4 /* RubenARIntroUITests */ = {
			isa = PBXNativeTarget;
			buildConfigurationList = 456E75B72075A63E002073E4 /* Build configuration list for PBXNativeTarget "RubenARIntroUITests" */;
			buildPhases = (
				456E75A72075A63E002073E4 /* Sources */,
				456E75A82075A63E002073E4 /* Frameworks */,
				456E75A92075A63E002073E4 /* Resources */,
			);
			buildRules = (
			);
			dependencies = (
				456E75AD2075A63E002073E4 /* PBXTargetDependency */,
			);
			name = RubenARIntroUITests;
			productName = RubenARIntroUITests;
			productReference = 456E75AB2075A63E002073E4 /* RubenARIntroUITests.xctest */;
			productType = "com.apple.product-type.bundle.ui-testing";
		};
/* End PBXNativeTarget section */

/* Begin PBXProject section */
		456E758D2075A63B002073E4 /* Project object */ = {
			isa = PBXProject;
			attributes = {
				LastSwiftUpdateCheck = 0940;
				LastUpgradeCheck = 0940;
				ORGANIZATIONNAME = "Ruben Glapa";
				TargetAttributes = {
					456E75942075A63B002073E4 = {
						CreatedOnToolsVersion = 9.4;
					};
					456E75AA2075A63E002073E4 = {
						CreatedOnToolsVersion = 9.4;
						TestTargetID = 456E75942075A63B002073E4;
					};
				};
			};
			buildConfigurationList = 456E75902075A63B002073E4 /* Build configuration list for PBXProject "RubenARIntro" */;
			compatibilityVersion = "Xcode 9.3";
			developmentRegion = en;
			hasScannedForEncodings = 0;
			knownRegions = (
				en,
				Base,
			);
			mainGroup = 456E758C2075A63B002073E4;
			productRefGroup = 456E75962075A63B002073E4 /* Products */;
			projectDirPath = "";
			projectRoot = "";
			targets = (
				456E75942075A63B002073E4 /* RubenARIntro */,
				456E75AA2075A63E002073E4 /* RubenARIntroUITests */,
			);
		};
/* End PBXProject section */

/* Begin PBXResourcesBuildPhase section */
		456E75932075A63B002073E4 /* Resources */ = {
			isa = PBXResourcesBuildPhase;
			buildActionMask = 2147483647;
			files = (
				456E759B2075A63B002073E4 /* art.scnassets in Resources */,
				456E75A52075A63D002073E4 /* LaunchScreen.storyboard in Resources */,
				456E75A22075A63D002073E4 /* Assets.xcassets in Resources */,
				456E75A02075A63B002073E4 /* Main.storyboard in Resources */,
			);
			runOnlyForDeploymentPostprocessing = 0;
		};
		456E75A92075A63E002073E4 /* Resources */ = {
			isa = PBXResourcesBuildPhase;
			buildActionMask = 2147483647;
			files = (
			);
			runOnlyForDeploymentPostprocessing = 0;
		};
/* End PBXResourcesBuildPhase section */

/* Begin PBXSourcesBuildPhase section */
		456E75912075A63B002073E4 /* Sources */ = {
			isa = PBXSourcesBuildPhase;
			buildActionMask = 2147483647;
			files = (
				456E759D2075A63B002073E4 /* ViewController.swift in Sources */,
				456E75992075A63B002073E4 /* AppDelegate.swift in Sources */,
			);
			runOnlyForDeploymentPostprocessing = 0;
		};
		456E75A72075A63E002073E4 /* Sources */ = {
			isa = PBXSourcesBuildPhase;
			buildActionMask = 2147483647;
			files = (
				456E75B02075A63E002073E4 /* RubenARIntroUITests.swift in Sources */,
			);
			runOnlyForDeploymentPostprocessing = 0;
		};
/* End PBXSourcesBuildPhase section */

/* Begin PBXTargetDependency section */
		456E75AD2075A63E002073E4 /* PBXTargetDependency */ = {
			isa = PBXTargetDependency;
			target = 456E75942075A63B002073E4 /* RubenARIntro */;
			targetProxy = 456E75AC2075A63E002073E4 /* PBXContainerItemProxy */;
		};
/* End PBXTargetDependency section */

/* Begin PBXVariantGroup section */
		456E759E2075A63B002073E4 /* Main.storyboard */ = {
			isa = PBXVariantGroup;
			children = (
				456E759F2075A63B002073E4 /* Base */,
			);
			name = Main.storyboard;
			sourceTree = "<group>";
		};
		456E75A32075A63D002073E4 /* LaunchScreen.storyboard */ = {
			isa = PBXVariantGroup;
			children = (
				456E75A42075A63D002073E4 /* Base */,
			);
			name = LaunchScreen.storyboard;
			sourceTree = "<group>";
		};
/* End PBXVariantGroup section */

/* Begin XCBuildConfiguration section */
		456E75B22075A63E002073E4 /* Debug */ = {
			isa = XCBuildConfiguration;
			buildSettings = {
				ALWAYS_SEARCH_USER_PATHS = NO;
				CLANG_ANALYZER_NONNULL = YES;
				CLANG_ANALYZER_NUMBER_OBJECT_CONVERSION = YES_AGGRESSIVE;
				CLANG_CXX_LANGUAGE_STANDARD = "gnu++14";
				CLANG_CXX_LIBRARY = "libc++";
				CLANG_ENABLE_MODULES = YES;
				CLANG_ENABLE_OBJC_ARC = YES;
				CLANG_ENABLE_OBJC_WEAK = YES;
				CLANG_WARN_BLOCK_CAPTURE_AUTORELEASING = YES;
				CLANG_WARN_BOOL_CONVERSION = YES;
				CLANG_WARN_COMMA = YES;
				CLANG_WARN_CONSTANT_CONVERSION = YES;
				CLANG_WARN_DEPRECATED_OBJC_IMPLEMENTATIONS = YES;
				CLANG_WARN_DIRECT_OBJC_ISA_USAGE = YES_ERROR;
				CLANG_WARN_DOCUMENTATION_COMMENTS = YES;
				CLANG_WARN_EMPTY_BODY = YES;
				CLANG_WARN_ENUM_CONVERSION = YES;
				CLANG_WARN_INFINITE_RECURSION = YES;
				CLANG_WARN_INT_CONVERSION = YES;
				CLANG_WARN_NON_LITERAL_NULL_CONVERSION = YES;
				CLANG_WARN_OBJC_IMPLICIT_RETAIN_SELF = YES;
				CLANG_WARN_OBJC_LITERAL_CONVERSION = YES;
				CLANG_WARN_OBJC_ROOT_CLASS = YES_ERROR;
				CLANG_WARN_RANGE_LOOP_ANALYSIS = YES;
				CLANG_WARN_STRICT_PROTOTYPES = YES;
				CLANG_WARN_SUSPICIOUS_MOVE = YES;
				CLANG_WARN_UNGUARDED_AVAILABILITY = YES_AGGRESSIVE;
				CLANG_WARN_UNREACHABLE_CODE = YES;
				CLANG_WARN__DUPLICATE_METHOD_MATCH = YES;
				CODE_SIGN_IDENTITY = "iPhone Developer";
				COPY_PHASE_STRIP = NO;
				DEBUG_INFORMATION_FORMAT = dwarf;
				ENABLE_STRICT_OBJC_MSGSEND = YES;
				ENABLE_TESTABILITY = YES;
				GCC_C_LANGUAGE_STANDARD = gnu11;
				GCC_DYNAMIC_NO_PIC = NO;
				GCC_NO_COMMON_BLOCKS = YES;
				GCC_OPTIMIZATION_LEVEL = 0;
				GCC_PREPROCESSOR_DEFINITIONS = (
					"DEBUG=1",
					"$(inherited)",
				);
				GCC_WARN_64_TO_32_BIT_CONVERSION = YES;
				GCC_WARN_ABOUT_RETURN_TYPE = YES_ERROR;
				GCC_WARN_UNDECLARED_SELECTOR = YES;
				GCC_WARN_UNINITIALIZED_AUTOS = YES_AGGRESSIVE;
				GCC_WARN_UNUSED_FUNCTION = YES;
				GCC_WARN_UNUSED_VARIABLE = YES;
				IPHONEOS_DEPLOYMENT_TARGET = 11.4;
				MTL_ENABLE_DEBUG_INFO = YES;
				ONLY_ACTIVE_ARCH = YES;
				SDKROOT = iphoneos;
				SWIFT_ACTIVE_COMPILATION_CONDITIONS = DEBUG;
				SWIFT_OPTIMIZATION_LEVEL = "-Onone";
			};
			name = Debug;
		};
		456E75B32075A63E002073E4 /* Release */ = {
			isa = XCBuildConfiguration;
			buildSettings = {
				ALWAYS_SEARCH_USER_PATHS = NO;
				CLANG_ANALYZER_NONNULL = YES;
				CLANG_ANALYZER_NUMBER_OBJECT_CONVERSION = YES_AGGRESSIVE;
				CLANG_CXX_LANGUAGE_STANDARD = "gnu++14";
				CLANG_CXX_LIBRARY = "libc++";
				CLANG_ENABLE_MODULES = YES;
				CLANG_ENABLE_OBJC_ARC = YES;
				CLANG_ENABLE_OBJC_WEAK = YES;
				CLANG_WARN_BLOCK_CAPTURE_AUTORELEASING = YES;
				CLANG_WARN_BOOL_CONVERSION = YES;
				CLANG_WARN_COMMA = YES;
				CLANG_WARN_CONSTANT_CONVERSION = YES;
				CLANG_WARN_DEPRECATED_OBJC_IMPLEMENTATIONS = YES;
				CLANG_WARN_DIRECT_OBJC_ISA_USAGE = YES_ERROR;
				CLANG_WARN_DOCUMENTATION_COMMENTS = YES;
				CLANG_WARN_EMPTY_BODY = YES;
				CLANG_WARN_ENUM_CONVERSION = YES;
				CLANG_WARN_INFINITE_RECURSION = YES;
				CLANG_WARN_INT_CONVERSION = YES;
				CLANG_WARN_NON_LITERAL_NULL_CONVERSION = YES;
				CLANG_WARN_OBJC_IMPLICIT_RETAIN_SELF = YES;
				CLANG_WARN_OBJC_LITERAL_CONVERSION = YES;
				CLANG_WARN_OBJC_ROOT_CLASS = YES_ERROR;
				CLANG_WARN_RANGE_LOOP_ANALYSIS = YES;
				CLANG_WARN_STRICT_PROTOTYPES = YES;
				CLANG_WARN_SUSPICIOUS_MOVE = YES;
				CLANG_WARN_UNGUARDED_AVAILABILITY = YES_AGGRESSIVE;
				CLANG_WARN_UNREACHABLE_CODE = YES;
				CLANG_WARN__DUPLICATE_METHOD_MATCH = YES;
				CODE_SIGN_IDENTITY = "iPhone Developer";
				COPY_PHASE_STRIP = NO;
				DEBUG_INFORMATION_FORMAT = "dwarf-with-dsym";
				ENABLE_NS_ASSERTIONS = NO;
				ENABLE_STRICT_OBJC_MSGSEND = YES;
				GCC_C_LANGUAGE_STANDARD = gnu11;
				GCC_NO_COMMON_BLOCKS = YES;
				GCC_WARN_64_TO_32_BIT_CONVERSION = YES;
				GCC_WARN_ABOUT_RETURN_TYPE = YES_ERROR;
				GCC_WARN_UNDECLARED_SELECTOR = YES;
				GCC_WARN_UNINITIALIZED_AUTOS = YES_AGGRESSIVE;
				GCC_WARN_UNUSED_FUNCTION = YES;
				GCC_WARN_UNUSED_VARIABLE = YES;
				IPHONEOS_DEPLOYMENT_TARGET = 11.4;
				MTL_ENABLE_DEBUG_INFO = NO;
				SDKROOT = iphoneos;
				SWIFT_COMPILATION_MODE = wholemodule;
				SWIFT_OPTIMIZATION_LEVEL = "-O";
				VALIDATE_PRODUCT = YES;
			};
			name = Release;
		};
		456E75B52075A63E002073E4 /* Debug */ = {
			isa = XCBuildConfiguration;
			buildSettings = {
				ASSETCATALOG_COMPILER_APPICON_NAME = AppIcon;
				CODE_SIGN_STYLE = Automatic;
				DEVELOPMENT_TEAM = Y8QKBVB7WJ;
				INFOPLIST_FILE = RubenARIntro/Info.plist;
				LD_RUNPATH_SEARCH_PATHS = (
					"$(inherited)",
					"@executable_path/Frameworks",
				);
				PRODUCT_BUNDLE_IDENTIFIER = com.mycomp.RubenARIntro;
				PRODUCT_NAME = "$(TARGET_NAME)";
				SWIFT_VERSION = 4.0;
				TARGETED_DEVICE_FAMILY = "1,2";
			};
			name = Debug;
		};
		456E75B62075A63E002073E4 /* Release */ = {
			isa = XCBuildConfiguration;
			buildSettings = {
				ASSETCATALOG_COMPILER_APPICON_NAME = AppIcon;
				CODE_SIGN_STYLE = Automatic;
				DEVELOPMENT_TEAM = Y8QKBVB7WJ;
				INFOPLIST_FILE = RubenARIntro/Info.plist;
				LD_RUNPATH_SEARCH_PATHS = (
					"$(inherited)",
					"@executable_path/Frameworks",
				);
				PRODUCT_BUNDLE_IDENTIFIER = com.mycomp.RubenARIntro;
				PRODUCT_NAME = "$(TARGET_NAME)";
				SWIFT_VERSION = 4.0;
				TARGETED_DEVICE_FAMILY = "1,2";
			};
			name = Release;
		};
		456E75B82075A63E002073E4 /* Debug */ = {
			isa = XCBuildConfiguration;
			buildSettings = {
				ALWAYS_EMBED_SWIFT_STANDARD_LIBRARIES = YES;
				CODE_SIGN_STYLE = Automatic;
				DEVELOPMENT_TEAM = Y8QKBVB7WJ;
				INFOPLIST_FILE = RubenARIntroUITests/Info.plist;
				LD_RUNPATH_SEARCH_PATHS = (
					"$(inherited)",
					"@executable_path/Frameworks",
					"@loader_path/Frameworks",
				);
				PRODUCT_BUNDLE_IDENTIFIER = com.mycomp.RubenARIntroUITests;
				PRODUCT_NAME = "$(TARGET_NAME)";
				SWIFT_VERSION = 4.0;
				TARGETED_DEVICE_FAMILY = "1,2";
				TEST_TARGET_NAME = RubenARIntro;
			};
			name = Debug;
		};
		456E75B92075A63E002073E4 /* Release */ = {
			isa = XCBuildConfiguration;
			buildSettings = {
				ALWAYS_EMBED_SWIFT_STANDARD_LIBRARIES = YES;
				CODE_SIGN_STYLE = Automatic;
				DEVELOPMENT_TEAM = Y8QKBVB7WJ;
				INFOPLIST_FILE = RubenARIntroUITests/Info.plist;
				LD_RUNPATH_SEARCH_PATHS = (
					"$(inherited)",
					"@executable_path/Frameworks",
					"@loader_path/Frameworks",
				);
				PRODUCT_BUNDLE_IDENTIFIER = com.mycomp.RubenARIntroUITests;
				PRODUCT_NAME = "$(TARGET_NAME)";
				SWIFT_VERSION = 4.0;
				TARGETED_DEVICE_FAMILY = "1,2";
				TEST_TARGET_NAME = RubenARIntro;
			};
			name = Release;
		};
/* End XCBuildConfiguration section */

/* Begin XCConfigurationList section */
		456E75902075A63B002073E4 /* Build configuration list for PBXProject "RubenARIntro" */ = {
			isa = XCConfigurationList;
			buildConfigurations = (
				456E75B22075A63E002073E4 /* Debug */,
				456E75B32075A63E002073E4 /* Release */,
			);
			defaultConfigurationIsVisible = 0;
			defaultConfigurationName = Release;
		};
		456E75B42075A63E002073E4 /* Build configuration list for PBXNativeTarget "RubenARIntro" */ = {
			isa = XCConfigurationList;
			buildConfigurations = (
				456E75B52075A63E002073E4 /* Debug */,
				456E75B62075A63E002073E4 /* Release */,
			);
			defaultConfigurationIsVisible = 0;
			defaultConfigurationName = Release;
		};
		456E75B72075A63E002073E4 /* Build configuration list for PBXNativeTarget "RubenARIntroUITests" */ = {
			isa = XCConfigurationList;
			buildConfigurations = (
				456E75B82075A63E002073E4 /* Debug */,
				456E75B92075A63E002073E4 /* Release */,
			);
			defaultConfigurationIsVisible = 0;
			defaultConfigurationName = Release;
		};
/* End XCConfigurationList section */
	};
	rootObject = 456E758D2075A63B002073E4 /* Project object */;
}
